{
  "name": "addr2line",
  "version": "0.0.6",
  "lockfileVersion": 3,
  "requires": true,
  "packages": {
    "": {
      "name": "addr2line",
      "version": "0.0.6",
      "license": "Apache-2.0",
      "dependencies": {
        "elfy": "^0.1.0"
      },
      "engines": {
        "node": ">=18"
      }
    },
    "node_modules/elfy": {
      "version": "0.1.0",
      "resolved": "https://registry.npmjs.org/elfy/-/elfy-0.1.0.tgz",
      "integrity": "sha512-hgex5Jd2OGMV5vYkeqP06pP3S8TwRIgCMpS5QLxxtC6OGijbRTvrYFoorRGxWA4AKQkn51uMyeKlR3CLcg/lzw==",
      "license": "MIT",
      "dependencies": {
        "endian-reader": "^0.3.0"
      }
    },
    "node_modules/endian-reader": {
      "version": "0.3.0",
      "resolved": "https://registry.npmjs.org/endian-reader/-/endian-reader-0.3.0.tgz",
      "integrity": "sha512-zPlHN59VLEjeJtpEU41ti/i7ZvTbwclvUN2M8anCsI3tOC/3mq6WNTJEKi49A5eLGvDkA0975LZb67Xwp7u4xQ==",
      "license": "MIT"
    }
  }
}
